{
    "_meta": {
        "hash": {
            "sha256": "3e18a10453807b9a259b97411cd4ed5d87dec234cd9bb3b0c593501bb5967c5a"
        },
        "pipfile-spec": 6,
        "requires": {
            "python_version": "3.6"
        },
        "sources": [
            {
                "name": "pypi",
                "url": "https://pypi.org/simple",
                "verify_ssl": true
            }
        ]
    },
    "default": {
        "configargparse": {
            "hashes": [
                "sha256:edd17be986d5c1ba2e307150b8e5f5107aba125f3574dddd02c85d5cdcfd37dc"
            ],
            "index": "pypi",
            "version": "==1.2.3"
        },
        "haproxy-log-analysis": {
            "editable": true,
            "git": "https://github.com/kklimonda/haproxy_log_analysis",
            "ref": "52b8367b308893482a298b4df5c0426e2a829be3"
        },
        "prometheus-client": {
            "hashes": [
                "sha256:983c7ac4b47478720db338f1491ef67a100b474e3bc7dafcbaefb7d0b8f9b01c",
                "sha256:c6e6b706833a6bd1fd51711299edee907857be10ece535126a158f911ee80915"
            ],
            "index": "pypi",
            "version": "==0.8.0"
        },
        "tailhead": {
            "hashes": [
                "sha256:916f70583494f38009410f178c3aea3f3b5e3f3b9c2d83f643547b2651147a03"
            ],
            "index": "pypi",
            "version": "==1.0.2"
        }
    },
    "develop": {
        "altgraph": {
            "hashes": [
                "sha256:1f05a47122542f97028caf78775a095fbe6a2699b5089de8477eb583167d69aa",
                "sha256:c623e5f3408ca61d4016f23a681b9adb100802ca3e3da5e718915a9e4052cebe"
            ],
            "version": "==0.17"
        },
        "macholib": {
            "hashes": [
                "sha256:0c436bc847e7b1d9bda0560351bf76d7caf930fb585a828d13608839ef42c432",
                "sha256:c500f02867515e6c60a27875b408920d18332ddf96b4035ef03beddd782d4281"
            ],
            "index": "pypi",
            "markers": "sys_platform == 'darwin'",
            "version": "==1.14"
        },
        "pyinstaller": {
            "hashes": [
                "sha256:3730fa80d088f8bb7084d32480eb87cbb4ddb64123363763cf8f2a1378c1c4b7"
            ],
            "index": "pypi",
            "version": "==3.6"
        },
        "pyinstaller-setuptools": {
            "hashes": [
                "sha256:45332453b24b957de88766726104b3dc7dea5d6a6ef56e9bc1a25f53450727d1",
                "sha256:8028e9214cf53f99dd7eaa647da751f92e0446b45900987bc1c58f58e371c047"
            ],
            "index": "pypi",
            "version": "==2019.3"
        }
    }
}
